
Microsoft Visual Studio Solution File, Format Version 12.00
# Visual Studio Version 17
VisualStudioVersion = 17.12.35527.113
MinimumVisualStudioVersion = 10.0.40219.1
Project("{FAE04EC0-301F-11D3-BF4B-00C04F79EFBC}") = "OFMC_Booking_Platform", "OFMC_Booking_Platform\OFMC_Booking_Platform.csproj", "{4877CBA8-AED8-41FD-9CE1-97D4406D792E}"
EndProject
Project("{FAE04EC0-301F-11D3-BF4B-00C04F79EFBC}") = "OFMC_Test", "OFMC_Test\OFMC_Test.csproj", "{157D16A9-3CF4-4117-B5F2-E62AA98FC5A5}"
EndProject
Project("{2150E333-8FDC-42A3-9474-1A3956D46DE8}") = ".github", ".github", "{CB4BDEBA-F623-4325-9E11-219E58493149}"
EndProject
Project("{2150E333-8FDC-42A3-9474-1A3956D46DE8}") = "workflows", "workflows", "{A1D77D28-8C94-4191-9491-580DDE3D3C7F}"
	ProjectSection(SolutionItems) = preProject
		Build_Push_Deploy_Docker_Image.yaml = Build_Push_Deploy_Docker_Image.yaml
	EndProjectSection
EndProject
Global
	GlobalSection(SolutionConfigurationPlatforms) = preSolution
		Debug|Any CPU = Debug|Any CPU
		Release|Any CPU = Release|Any CPU
	EndGlobalSection
	GlobalSection(ProjectConfigurationPlatforms) = postSolution
		{4877CBA8-AED8-41FD-9CE1-97D4406D792E}.Debug|Any CPU.ActiveCfg = Debug|Any CPU
		{4877CBA8-AED8-41FD-9CE1-97D4406D792E}.Debug|Any CPU.Build.0 = Debug|Any CPU
		{4877CBA8-AED8-41FD-9CE1-97D4406D792E}.Release|Any CPU.ActiveCfg = Release|Any CPU
		{4877CBA8-AED8-41FD-9CE1-97D4406D792E}.Release|Any CPU.Build.0 = Release|Any CPU
		{157D16A9-3CF4-4117-B5F2-E62AA98FC5A5}.Debug|Any CPU.ActiveCfg = Debug|Any CPU
		{157D16A9-3CF4-4117-B5F2-E62AA98FC5A5}.Debug|Any CPU.Build.0 = Debug|Any CPU
		{157D16A9-3CF4-4117-B5F2-E62AA98FC5A5}.Release|Any CPU.ActiveCfg = Release|Any CPU
		{157D16A9-3CF4-4117-B5F2-E62AA98FC5A5}.Release|Any CPU.Build.0 = Release|Any CPU
	EndGlobalSection
	GlobalSection(SolutionProperties) = preSolution
		HideSolutionNode = FALSE
	EndGlobalSection
	GlobalSection(NestedProjects) = preSolution
		{A1D77D28-8C94-4191-9491-580DDE3D3C7F} = {CB4BDEBA-F623-4325-9E11-219E58493149}
	EndGlobalSection
EndGlobal
